
Microsoft Visual Studio Solution File, Format Version 12.00
# Visual Studio 14
VisualStudioVersion = 14.0.25420.1
MinimumVisualStudioVersion = 10.0.40219.1
Project("{FAE04EC0-301F-11D3-BF4B-00C04F79EFBC}") = "Micro.DeepLinking", "Micro.DeepLinking\Micro.DeepLinking.csproj", "{BD20A834-1361-469D-B6F3-F9124D3ABEBA}"
EndProject
Project("{FAE04EC0-301F-11D3-BF4B-00C04F79EFBC}") = "Micro.Common", "Micro.Common\Micro.Common.csproj", "{0F7EE4B4-4BB0-4F01-AEF9-ABED57EDDDC0}"
EndProject
Global
	GlobalSection(SolutionConfigurationPlatforms) = preSolution
		Debug|Any CPU = Debug|Any CPU
		Release|Any CPU = Release|Any CPU
	EndGlobalSection
	GlobalSection(ProjectConfigurationPlatforms) = postSolution
		{BD20A834-1361-469D-B6F3-F9124D3ABEBA}.Debug|Any CPU.ActiveCfg = Debug|Any CPU
		{BD20A834-1361-469D-B6F3-F9124D3ABEBA}.Debug|Any CPU.Build.0 = Debug|Any CPU
		{BD20A834-1361-469D-B6F3-F9124D3ABEBA}.Release|Any CPU.ActiveCfg = Release|Any CPU
		{BD20A834-1361-469D-B6F3-F9124D3ABEBA}.Release|Any CPU.Build.0 = Release|Any CPU
		{0F7EE4B4-4BB0-4F01-AEF9-ABED57EDDDC0}.Debug|Any CPU.ActiveCfg = Debug|Any CPU
		{0F7EE4B4-4BB0-4F01-AEF9-ABED57EDDDC0}.Debug|Any CPU.Build.0 = Debug|Any CPU
		{0F7EE4B4-4BB0-4F01-AEF9-ABED57EDDDC0}.Release|Any CPU.ActiveCfg = Release|Any CPU
		{0F7EE4B4-4BB0-4F01-AEF9-ABED57EDDDC0}.Release|Any CPU.Build.0 = Release|Any CPU
	EndGlobalSection
	GlobalSection(SolutionProperties) = preSolution
		HideSolutionNode = FALSE
	EndGlobalSection
EndGlobal
